
Microsoft Visual Studio Solution File, Format Version 12.00
# Visual Studio Version 17
VisualStudioVersion = 17.6.33723.286
MinimumVisualStudioVersion = 10.0.40219.1
Project("{FAE04EC0-301F-11D3-BF4B-00C04F79EFBC}") = "PollyAppServer", "PollyAppServer\PollyAppServer.csproj", "{DCF895C9-2106-42B6-A54F-081710D19A56}"
EndProject
Project("{FAE04EC0-301F-11D3-BF4B-00C04F79EFBC}") = "PollyClientApp", "PollyClientApp\PollyClientApp.csproj", "{FAABBCCA-E9A1-4735-8D96-C9D2CFF2A85A}"
EndProject
Global
	GlobalSection(SolutionConfigurationPlatforms) = preSolution
		Debug|Any CPU = Debug|Any CPU
		Release|Any CPU = Release|Any CPU
	EndGlobalSection
	GlobalSection(ProjectConfigurationPlatforms) = postSolution
		{DCF895C9-2106-42B6-A54F-081710D19A56}.Debug|Any CPU.ActiveCfg = Debug|Any CPU
		{DCF895C9-2106-42B6-A54F-081710D19A56}.Debug|Any CPU.Build.0 = Debug|Any CPU
		{DCF895C9-2106-42B6-A54F-081710D19A56}.Release|Any CPU.ActiveCfg = Release|Any CPU
		{DCF895C9-2106-42B6-A54F-081710D19A56}.Release|Any CPU.Build.0 = Release|Any CPU
		{FAABBCCA-E9A1-4735-8D96-C9D2CFF2A85A}.Debug|Any CPU.ActiveCfg = Debug|Any CPU
		{FAABBCCA-E9A1-4735-8D96-C9D2CFF2A85A}.Debug|Any CPU.Build.0 = Debug|Any CPU
		{FAABBCCA-E9A1-4735-8D96-C9D2CFF2A85A}.Release|Any CPU.ActiveCfg = Release|Any CPU
		{FAABBCCA-E9A1-4735-8D96-C9D2CFF2A85A}.Release|Any CPU.Build.0 = Release|Any CPU
	EndGlobalSection
	GlobalSection(SolutionProperties) = preSolution
		HideSolutionNode = FALSE
	EndGlobalSection
	GlobalSection(ExtensibilityGlobals) = postSolution
		SolutionGuid = {6A7CE2CB-6CED-4AF1-8110-5360FE9CF015}
	EndGlobalSection
EndGlobal
